github.com/google/go-cmp v0.6.0 h1:ofyhxvXcZhMsU5ulbFiLKl/XBFqE1GSq7atu8tAmTRI=
github.com/google/go-cmp v0.6.0/go.mod h1:17dUlkBOakJ0+DkrSSNjCkIjxS6bF9zb3elmeNGIjoY=
github.com/sashabaranov/go-openai v1.17.10 h1:ybvWN+d/rgEK/64U6dsjnOQ9AUya2wBoJKj3Wuaonqo=
github.com/sashabaranov/go-openai v1.17.10/go.mod h1:lj5b/K+zjTSFxVLijLSTDZuP7adOgerWeFyZLUhAKRg=
github.com/xh3b4sd/tracer v0.11.1 h1:66G8yNkUkyuTRQ586cQMKrBxrD4mQej8mpR9PYoIiGg=
github.com/xh3b4sd/tracer v0.11.1/go.mod h1:vrAkiLN6hl3VdUeLo71mvqCgUw2TE0YyvzrORa/vHXs=
